// !$*UTF8*$!
{
	archiveVersion = 1;
	classes = {
	};
	objectVersion = 50;
	objects = {

/* Begin PBXBuildFile section */
		043E6AFC2331D2B600949BFA /* WXViewController.m in Sources */ = {isa = PBXBuildFile; fileRef = 043E6AFB2331D2B600949BFA /* WXViewController.m */; };
		043E6AFF2331D31F00949BFA /* Login.m in Sources */ = {isa = PBXBuildFile; fileRef = 043E6AFE2331D31F00949BFA /* Login.m */; };
		043E6B082331D99300949BFA /* TencentOpenAPI.framework in Frameworks */ = {isa = PBXBuildFile; fileRef = 043E6B072331D99300949BFA /* TencentOpenAPI.framework */; };
		044D926D22E75DD2006C66DF /* icon.bundle in Resources */ = {isa = PBXBuildFile; fileRef = 044D926C22E75DD2006C66DF /* icon.bundle */; };
		045FF5D323229FA3006CA88C /* Screen.m in Sources */ = {isa = PBXBuildFile; fileRef = 045FF5D223229FA3006CA88C /* Screen.m */; };
		04BD67FE233B84650077AC18 /* NotificationCenter.framework in Frameworks */ = {isa = PBXBuildFile; fileRef = 04BD67FD233B84650077AC18 /* NotificationCenter.framework */; };
		04BD680F233B896E0077AC18 /* TencentOpenAPI.framework in Frameworks */ = {isa = PBXBuildFile; fileRef = 043E6B072331D99300949BFA /* TencentOpenAPI.framework */; };
		04C7E35322DE289E00B98634 /* AppDelegate.m in Sources */ = {isa = PBXBuildFile; fileRef = 04C7E35222DE289E00B98634 /* AppDelegate.m */; };
		04C7E35922DE289E00B98634 /* Main.storyboard in Resources */ = {isa = PBXBuildFile; fileRef = 04C7E35722DE289E00B98634 /* Main.storyboard */; };
		04C7E35B22DE28A000B98634 /* Assets.xcassets in Resources */ = {isa = PBXBuildFile; fileRef = 04C7E35A22DE28A000B98634 /* Assets.xcassets */; };
		04C7E36122DE28A000B98634 /* main.m in Sources */ = {isa = PBXBuildFile; fileRef = 04C7E36022DE28A000B98634 /* main.m */; };
		658C051F251A06AE00D95CB0 /* Static in Resources */ = {isa = PBXBuildFile; fileRef = 658C051C251A06AE00D95CB0 /* Static */; };
		658C0520251A06AE00D95CB0 /* WKWebViewController.m in Sources */ = {isa = PBXBuildFile; fileRef = 658C051D251A06AE00D95CB0 /* WKWebViewController.m */; };
		658C0525251A07BC00D95CB0 /* TableViewCell.m in Sources */ = {isa = PBXBuildFile; fileRef = 658C0522251A07BC00D95CB0 /* TableViewCell.m */; };
		658C0526251A07BC00D95CB0 /* SizeViewController.m in Sources */ = {isa = PBXBuildFile; fileRef = 658C0524251A07BC00D95CB0 /* SizeViewController.m */; };
		658C052B251A085D00D95CB0 /* dummyViewController.m in Sources */ = {isa = PBXBuildFile; fileRef = 658C0528251A085D00D95CB0 /* dummyViewController.m */; };
		658C052C251A085D00D95CB0 /* MockData.m in Sources */ = {isa = PBXBuildFile; fileRef = 658C052A251A085D00D95CB0 /* MockData.m */; };
		8B810D9EEED7405706554EB7 /* libPods-ios-demo.a in Frameworks */ = {isa = PBXBuildFile; fileRef = 2AB4D1FF3FD20713A27EA040 /* libPods-ios-demo.a */; };
/* End PBXBuildFile section */

/* Begin PBXFileReference section */
		043E6AFA2331D2B600949BFA /* WXViewController.h */ = {isa = PBXFileReference; lastKnownFileType = sourcecode.c.h; path = WXViewController.h; sourceTree = "<group>"; };
		043E6AFB2331D2B600949BFA /* WXViewController.m */ = {isa = PBXFileReference; lastKnownFileType = sourcecode.c.objc; path = WXViewController.m; sourceTree = "<group>"; };
		043E6AFD2331D31F00949BFA /* Login.h */ = {isa = PBXFileReference; lastKnownFileType = sourcecode.c.h; path = Login.h; sourceTree = "<group>"; };
		043E6AFE2331D31F00949BFA /* Login.m */ = {isa = PBXFileReference; lastKnownFileType = sourcecode.c.objc; path = Login.m; sourceTree = "<group>"; };
		043E6B072331D99300949BFA /* TencentOpenAPI.framework */ = {isa = PBXFileReference; lastKnownFileType = wrapper.framework; path = TencentOpenAPI.framework; sourceTree = "<group>"; };
		044D926C22E75DD2006C66DF /* icon.bundle */ = {isa = PBXFileReference; lastKnownFileType = "wrapper.plug-in"; path = icon.bundle; sourceTree = "<group>"; };
		045FF5D123229FA3006CA88C /* Screen.h */ = {isa = PBXFileReference; lastKnownFileType = sourcecode.c.h; path = Screen.h; sourceTree = "<group>"; };
		045FF5D223229FA3006CA88C /* Screen.m */ = {isa = PBXFileReference; lastKnownFileType = sourcecode.c.objc; path = Screen.m; sourceTree = "<group>"; };
		04BD67FC233B84650077AC18 /* .appex */ = {isa = PBXFileReference; explicitFileType = "wrapper.app-extension"; includeInIndex = 0; path = .appex; sourceTree = BUILT_PRODUCTS_DIR; };
		04BD67FD233B84650077AC18 /* NotificationCenter.framework */ = {isa = PBXFileReference; lastKnownFileType = wrapper.framework; name = NotificationCenter.framework; path = System/Library/Frameworks/NotificationCenter.framework; sourceTree = SDKROOT; };
		04C7E34E22DE289E00B98634 /* ios-demo.app */ = {isa = PBXFileReference; explicitFileType = wrapper.application; includeInIndex = 0; path = "ios-demo.app"; sourceTree = BUILT_PRODUCTS_DIR; };
		04C7E35122DE289E00B98634 /* AppDelegate.h */ = {isa = PBXFileReference; lastKnownFileType = sourcecode.c.h; path = AppDelegate.h; sourceTree = "<group>"; };
		04C7E35222DE289E00B98634 /* AppDelegate.m */ = {isa = PBXFileReference; lastKnownFileType = sourcecode.c.objc; path = AppDelegate.m; sourceTree = "<group>"; };
		04C7E35822DE289E00B98634 /* Base */ = {isa = PBXFileReference; lastKnownFileType = file.storyboard; name = Base; path = Base.lproj/Main.storyboard; sourceTree = "<group>"; };
		04C7E35A22DE28A000B98634 /* Assets.xcassets */ = {isa = PBXFileReference; lastKnownFileType = folder.assetcatalog; path = Assets.xcassets; sourceTree = "<group>"; };
		04C7E35F22DE28A000B98634 /* Info.plist */ = {isa = PBXFileReference; lastKnownFileType = text.plist.xml; path = Info.plist; sourceTree = "<group>"; };
		04C7E36022DE28A000B98634 /* main.m */ = {isa = PBXFileReference; lastKnownFileType = sourcecode.c.objc; path = main.m; sourceTree = "<group>"; };
		2AB4D1FF3FD20713A27EA040 /* libPods-ios-demo.a */ = {isa = PBXFileReference; explicitFileType = archive.ar; includeInIndex = 0; path = "libPods-ios-demo.a"; sourceTree = BUILT_PRODUCTS_DIR; };
		5401A551B0D97C3854FF2AC8 /* Pods-ios-demo.release.xcconfig */ = {isa = PBXFileReference; includeInIndex = 1; lastKnownFileType = text.xcconfig; name = "Pods-ios-demo.release.xcconfig"; path = "Target Support Files/Pods-ios-demo/Pods-ios-demo.release.xcconfig"; sourceTree = "<group>"; };
		5E382B44286AD438CD4234D6 /* Pods-ios-demo.debug.xcconfig */ = {isa = PBXFileReference; includeInIndex = 1; lastKnownFileType = text.xcconfig; name = "Pods-ios-demo.debug.xcconfig"; path = "Target Support Files/Pods-ios-demo/Pods-ios-demo.debug.xcconfig"; sourceTree = "<group>"; };
		658C051C251A06AE00D95CB0 /* Static */ = {isa = PBXFileReference; fileEncoding = 4; lastKnownFileType = text; name = Static; path = "ios-demo/WKWebView/Static"; sourceTree = SOURCE_ROOT; };
		658C051D251A06AE00D95CB0 /* WKWebViewController.m */ = {isa = PBXFileReference; fileEncoding = 4; lastKnownFileType = sourcecode.c.objc; name = WKWebViewController.m; path = "ios-demo/WKWebView/WKWebViewController.m"; sourceTree = SOURCE_ROOT; };
		658C051E251A06AE00D95CB0 /* WKWebViewController.h */ = {isa = PBXFileReference; fileEncoding = 4; lastKnownFileType = sourcecode.c.h; name = WKWebViewController.h; path = "ios-demo/WKWebView/WKWebViewController.h"; sourceTree = SOURCE_ROOT; };
		658C0521251A07BC00D95CB0 /* TableViewCell.h */ = {isa = PBXFileReference; fileEncoding = 4; lastKnownFileType = sourcecode.c.h; path = TableViewCell.h; sourceTree = "<group>"; };
		658C0522251A07BC00D95CB0 /* TableViewCell.m */ = {isa = PBXFileReference; fileEncoding = 4; lastKnownFileType = sourcecode.c.objc; path = TableViewCell.m; sourceTree = "<group>"; };
		658C0523251A07BC00D95CB0 /* SizeViewController.h */ = {isa = PBXFileReference; fileEncoding = 4; lastKnownFileType = sourcecode.c.h; path = SizeViewController.h; sourceTree = "<group>"; };
		658C0524251A07BC00D95CB0 /* SizeViewController.m */ = {isa = PBXFileReference; fileEncoding = 4; lastKnownFileType = sourcecode.c.objc; path = SizeViewController.m; sourceTree = "<group>"; };
		658C0527251A085D00D95CB0 /* dummyViewController.h */ = {isa = PBXFileReference; fileEncoding = 4; lastKnownFileType = sourcecode.c.h; path = dummyViewController.h; sourceTree = "<group>"; };
		658C0528251A085D00D95CB0 /* dummyViewController.m */ = {isa = PBXFileReference; fileEncoding = 4; lastKnownFileType = sourcecode.c.objc; path = dummyViewController.m; sourceTree = "<group>"; };
		658C0529251A085D00D95CB0 /* MockData.h */ = {isa = PBXFileReference; fileEncoding = 4; lastKnownFileType = sourcecode.c.h; path = MockData.h; sourceTree = "<group>"; };
		658C052A251A085D00D95CB0 /* MockData.m */ = {isa = PBXFileReference; fileEncoding = 4; lastKnownFileType = sourcecode.c.objc; path = MockData.m; sourceTree = "<group>"; };
/* End PBXFileReference section */

/* Begin PBXFrameworksBuildPhase section */
		04BD67F9233B84650077AC18 /* Frameworks */ = {
			isa = PBXFrameworksBuildPhase;
			buildActionMask = 2147483647;
			files = (
				04BD67FE233B84650077AC18 /* NotificationCenter.framework in Frameworks */,
				04BD680F233B896E0077AC18 /* TencentOpenAPI.framework in Frameworks */,
			);
			runOnlyForDeploymentPostprocessing = 0;
		};
		04C7E34B22DE289E00B98634 /* Frameworks */ = {
			isa = PBXFrameworksBuildPhase;
			buildActionMask = 2147483647;
			files = (
				043E6B082331D99300949BFA /* TencentOpenAPI.framework in Frameworks */,
				8B810D9EEED7405706554EB7 /* libPods-ios-demo.a in Frameworks */,
			);
			runOnlyForDeploymentPostprocessing = 0;
		};
/* End PBXFrameworksBuildPhase section */

/* Begin PBXGroup section */
		043E6ABF232FB1F700949BFA /* Framework */ = {
			isa = PBXGroup;
			children = (
				043E6B072331D99300949BFA /* TencentOpenAPI.framework */,
			);
			path = Framework;
			sourceTree = "<group>";
		};
		043E6AF92331D28800949BFA /* Weixin */ = {
			isa = PBXGroup;
			children = (
				043E6AFA2331D2B600949BFA /* WXViewController.h */,
				043E6AFB2331D2B600949BFA /* WXViewController.m */,
				043E6AFD2331D31F00949BFA /* Login.h */,
				043E6AFE2331D31F00949BFA /* Login.m */,
			);
			path = Weixin;
			sourceTree = "<group>";
		};
		044494672308ECBC002FC702 /* WKWebView */ = {
			isa = PBXGroup;
			children = (
				658C051C251A06AE00D95CB0 /* Static */,
				658C051E251A06AE00D95CB0 /* WKWebViewController.h */,
				658C051D251A06AE00D95CB0 /* WKWebViewController.m */,
			);
			path = WKWebView;
			sourceTree = "<group>";
		};
		045FF5D023229F8D006CA88C /* Utils */ = {
			isa = PBXGroup;
			children = (
				045FF5D123229FA3006CA88C /* Screen.h */,
				045FF5D223229FA3006CA88C /* Screen.m */,
			);
			path = Utils;
			sourceTree = "<group>";
		};
		04B1BE28233A3E1300B50556 /* Dummy */ = {
			isa = PBXGroup;
			children = (
				658C0527251A085D00D95CB0 /* dummyViewController.h */,
				658C0528251A085D00D95CB0 /* dummyViewController.m */,
				658C0529251A085D00D95CB0 /* MockData.h */,
				658C052A251A085D00D95CB0 /* MockData.m */,
			);
			path = Dummy;
			sourceTree = "<group>";
		};
		04C7E34522DE289E00B98634 = {
			isa = PBXGroup;
			children = (
				04C7E35022DE289E00B98634 /* ios-demo */,
				04C7E34F22DE289E00B98634 /* Products */,
				B2F4DD26FCDE72570E38453C /* Frameworks */,
				31D9B89A0D12787706F73931 /* Pods */,
			);
			sourceTree = "<group>";
		};
		04C7E34F22DE289E00B98634 /* Products */ = {
			isa = PBXGroup;
			children = (
				04C7E34E22DE289E00B98634 /* ios-demo.app */,
				04BD67FC233B84650077AC18 /* .appex */,
			);
			name = Products;
			sourceTree = "<group>";
		};
		04C7E35022DE289E00B98634 /* ios-demo */ = {
			isa = PBXGroup;
			children = (
				04B1BE28233A3E1300B50556 /* Dummy */,
				043E6AF92331D28800949BFA /* Weixin */,
				043E6ABF232FB1F700949BFA /* Framework */,
				045FF5D023229F8D006CA88C /* Utils */,
				04F1EA67231A4F680016B670 /* Size */,
				044494672308ECBC002FC702 /* WKWebView */,
				044D926C22E75DD2006C66DF /* icon.bundle */,
				04C7E35122DE289E00B98634 /* AppDelegate.h */,
				04C7E35222DE289E00B98634 /* AppDelegate.m */,
				04C7E35722DE289E00B98634 /* Main.storyboard */,
				04C7E35A22DE28A000B98634 /* Assets.xcassets */,
				04C7E35F22DE28A000B98634 /* Info.plist */,
				04C7E36022DE28A000B98634 /* main.m */,
			);
			path = "ios-demo";
			sourceTree = "<group>";
		};
		04F1EA67231A4F680016B670 /* Size */ = {
			isa = PBXGroup;
			children = (
				658C0523251A07BC00D95CB0 /* SizeViewController.h */,
				658C0524251A07BC00D95CB0 /* SizeViewController.m */,
				658C0521251A07BC00D95CB0 /* TableViewCell.h */,
				658C0522251A07BC00D95CB0 /* TableViewCell.m */,
			);
			path = Size;
			sourceTree = "<group>";
		};
		31D9B89A0D12787706F73931 /* Pods */ = {
			isa = PBXGroup;
			children = (
				5E382B44286AD438CD4234D6 /* Pods-ios-demo.debug.xcconfig */,
				5401A551B0D97C3854FF2AC8 /* Pods-ios-demo.release.xcconfig */,
			);
			path = Pods;
			sourceTree = "<group>";
		};
		B2F4DD26FCDE72570E38453C /* Frameworks */ = {
			isa = PBXGroup;
			children = (
				04BD67FD233B84650077AC18 /* NotificationCenter.framework */,
				2AB4D1FF3FD20713A27EA040 /* libPods-ios-demo.a */,
			);
			name = Frameworks;
			sourceTree = "<group>";
		};
/* End PBXGroup section */

/* Begin PBXNativeTarget section */
		04BD67FB233B84650077AC18 /* TodayExt */ = {
			isa = PBXNativeTarget;
			buildConfigurationList = 04BD680A233B84650077AC18 /* Build configuration list for PBXNativeTarget "TodayExt" */;
			buildPhases = (
				04BD67F8233B84650077AC18 /* Sources */,
				04BD67F9233B84650077AC18 /* Frameworks */,
				04BD67FA233B84650077AC18 /* Resources */,
			);
			buildRules = (
			);
			dependencies = (
			);
			name = TodayExt;
			productName = TodayExt;
			productReference = 04BD67FC233B84650077AC18 /* .appex */;
			productType = "com.apple.product-type.app-extension";
		};
		04C7E34D22DE289E00B98634 /* ios-demo */ = {
			isa = PBXNativeTarget;
			buildConfigurationList = 04C7E36422DE28A000B98634 /* Build configuration list for PBXNativeTarget "ios-demo" */;
			buildPhases = (
				85F420FE7FB6146C902728C5 /* [CP] Check Pods Manifest.lock */,
				04C7E34A22DE289E00B98634 /* Sources */,
				04C7E34B22DE289E00B98634 /* Frameworks */,
				04C7E34C22DE289E00B98634 /* Resources */,
			);
			buildRules = (
			);
			dependencies = (
			);
			name = "ios-demo";
			productName = myByteDance;
			productReference = 04C7E34E22DE289E00B98634 /* ios-demo.app */;
			productType = "com.apple.product-type.application";
		};
/* End PBXNativeTarget section */

/* Begin PBXProject section */
		04C7E34622DE289E00B98634 /* Project object */ = {
			isa = PBXProject;
			attributes = {
				LastUpgradeCheck = 1020;
				ORGANIZATIONNAME = Jack;
				TargetAttributes = {
					04BD67FB233B84650077AC18 = {
						CreatedOnToolsVersion = 10.3;
					};
					04C7E34D22DE289E00B98634 = {
						CreatedOnToolsVersion = 10.2.1;
					};
				};
			};
			buildConfigurationList = 04C7E34922DE289E00B98634 /* Build configuration list for PBXProject "ios-demo" */;
			compatibilityVersion = "Xcode 9.3";
			developmentRegion = en;
			hasScannedForEncodings = 0;
			knownRegions = (
				en,
				Base,
			);
			mainGroup = 04C7E34522DE289E00B98634;
			productRefGroup = 04C7E34F22DE289E00B98634 /* Products */;
			projectDirPath = "";
			projectRoot = "";
			targets = (
				04C7E34D22DE289E00B98634 /* ios-demo */,
				04BD67FB233B84650077AC18 /* TodayExt */,
			);
		};
/* End PBXProject section */

/* Begin PBXResourcesBuildPhase section */
		04BD67FA233B84650077AC18 /* Resources */ = {
			isa = PBXResourcesBuildPhase;
			buildActionMask = 2147483647;
			files = (
			);
			runOnlyForDeploymentPostprocessing = 0;
		};
		04C7E34C22DE289E00B98634 /* Resources */ = {
			isa = PBXResourcesBuildPhase;
			buildActionMask = 2147483647;
			files = (
				658C051F251A06AE00D95CB0 /* Static in Resources */,
				044D926D22E75DD2006C66DF /* icon.bundle in Resources */,
				04C7E35B22DE28A000B98634 /* Assets.xcassets in Resources */,
				04C7E35922DE289E00B98634 /* Main.storyboard in Resources */,
			);
			runOnlyForDeploymentPostprocessing = 0;
		};
/* End PBXResourcesBuildPhase section */

/* Begin PBXShellScriptBuildPhase section */
		85F420FE7FB6146C902728C5 /* [CP] Check Pods Manifest.lock */ = {
			isa = PBXShellScriptBuildPhase;
			buildActionMask = 2147483647;
			files = (
			);
			inputFileListPaths = (
			);
			inputPaths = (
				"${PODS_PODFILE_DIR_PATH}/Podfile.lock",
				"${PODS_ROOT}/Manifest.lock",
			);
			name = "[CP] Check Pods Manifest.lock";
			outputFileListPaths = (
			);
			outputPaths = (
				"$(DERIVED_FILE_DIR)/Pods-ios-demo-checkManifestLockResult.txt",
			);
			runOnlyForDeploymentPostprocessing = 0;
			shellPath = /bin/sh;
			shellScript = "diff \"${PODS_PODFILE_DIR_PATH}/Podfile.lock\" \"${PODS_ROOT}/Manifest.lock\" > /dev/null\nif [ $? != 0 ] ; then\n    # print error to STDERR\n    echo \"error: The sandbox is not in sync with the Podfile.lock. Run 'pod install' or update your CocoaPods installation.\" >&2\n    exit 1\nfi\n# This output is used by Xcode 'outputs' to avoid re-running this script phase.\necho \"SUCCESS\" > \"${SCRIPT_OUTPUT_FILE_0}\"\n";
			showEnvVarsInLog = 0;
		};
/* End PBXShellScriptBuildPhase section */

/* Begin PBXSourcesBuildPhase section */
		04BD67F8233B84650077AC18 /* Sources */ = {
			isa = PBXSourcesBuildPhase;
			buildActionMask = 2147483647;
			files = (
			);
			runOnlyForDeploymentPostprocessing = 0;
		};
		04C7E34A22DE289E00B98634 /* Sources */ = {
			isa = PBXSourcesBuildPhase;
			buildActionMask = 2147483647;
			files = (
				043E6AFC2331D2B600949BFA /* WXViewController.m in Sources */,
				658C052B251A085D00D95CB0 /* dummyViewController.m in Sources */,
				045FF5D323229FA3006CA88C /* Screen.m in Sources */,
				658C0520251A06AE00D95CB0 /* WKWebViewController.m in Sources */,
				658C0526251A07BC00D95CB0 /* SizeViewController.m in Sources */,
				04C7E36122DE28A000B98634 /* main.m in Sources */,
				04C7E35322DE289E00B98634 /* AppDelegate.m in Sources */,
				658C0525251A07BC00D95CB0 /* TableViewCell.m in Sources */,
				043E6AFF2331D31F00949BFA /* Login.m in Sources */,
				658C052C251A085D00D95CB0 /* MockData.m in Sources */,
			);
			runOnlyForDeploymentPostprocessing = 0;
		};
/* End PBXSourcesBuildPhase section */

/* Begin PBXVariantGroup section */
		04C7E35722DE289E00B98634 /* Main.storyboard */ = {
			isa = PBXVariantGroup;
			children = (
				04C7E35822DE289E00B98634 /* Base */,
			);
			name = Main.storyboard;
			sourceTree = "<group>";
		};
/* End PBXVariantGroup section */

/* Begin XCBuildConfiguration section */
		04BD680B233B84650077AC18 /* Debug */ = {
			isa = XCBuildConfiguration;
			buildSettings = {
				CODE_SIGN_STYLE = Automatic;
				FRAMEWORK_SEARCH_PATHS = (
					"$(inherited)",
					"$(PROJECT_DIR)/ios-demo/Framework",
				);
				IPHONEOS_DEPLOYMENT_TARGET = 12.4;
				LD_RUNPATH_SEARCH_PATHS = (
					"$(inherited)",
					"@executable_path/Frameworks",
					"@executable_path/../../Frameworks",
				);
				SKIP_INSTALL = YES;
				TARGETED_DEVICE_FAMILY = "1,2";
			};
			name = Debug;
		};
		04BD680C233B84650077AC18 /* Release */ = {
			isa = XCBuildConfiguration;
			buildSettings = {
				CODE_SIGN_STYLE = Automatic;
				FRAMEWORK_SEARCH_PATHS = (
					"$(inherited)",
					"$(PROJECT_DIR)/ios-demo/Framework",
				);
				IPHONEOS_DEPLOYMENT_TARGET = 12.4;
				LD_RUNPATH_SEARCH_PATHS = (
					"$(inherited)",
					"@executable_path/Frameworks",
					"@executable_path/../../Frameworks",
				);
				SKIP_INSTALL = YES;
				TARGETED_DEVICE_FAMILY = "1,2";
			};
			name = Release;
		};
		04C7E36222DE28A000B98634 /* Debug */ = {
			isa = XCBuildConfiguration;
			buildSettings = {
				ALWAYS_SEARCH_USER_PATHS = NO;
				CLANG_ANALYZER_NONNULL = YES;
				CLANG_ANALYZER_NUMBER_OBJECT_CONVERSION = YES_AGGRESSIVE;
				CLANG_CXX_LANGUAGE_STANDARD = "gnu++14";
				CLANG_CXX_LIBRARY = "libc++";
				CLANG_ENABLE_MODULES = YES;
				CLANG_ENABLE_OBJC_ARC = YES;
				CLANG_ENABLE_OBJC_WEAK = YES;
				CLANG_WARN_BLOCK_CAPTURE_AUTORELEASING = YES;
				CLANG_WARN_BOOL_CONVERSION = YES;
				CLANG_WARN_COMMA = YES;
				CLANG_WARN_CONSTANT_CONVERSION = YES;
				CLANG_WARN_DEPRECATED_OBJC_IMPLEMENTATIONS = YES;
				CLANG_WARN_DIRECT_OBJC_ISA_USAGE = YES_ERROR;
				CLANG_WARN_DOCUMENTATION_COMMENTS = YES;
				CLANG_WARN_EMPTY_BODY = YES;
				CLANG_WARN_ENUM_CONVERSION = YES;
				CLANG_WARN_INFINITE_RECURSION = YES;
				CLANG_WARN_INT_CONVERSION = YES;
				CLANG_WARN_NON_LITERAL_NULL_CONVERSION = YES;
				CLANG_WARN_OBJC_IMPLICIT_RETAIN_SELF = YES;
				CLANG_WARN_OBJC_LITERAL_CONVERSION = YES;
				CLANG_WARN_OBJC_ROOT_CLASS = YES_ERROR;
				CLANG_WARN_RANGE_LOOP_ANALYSIS = YES;
				CLANG_WARN_STRICT_PROTOTYPES = YES;
				CLANG_WARN_SUSPICIOUS_MOVE = YES;
				CLANG_WARN_UNGUARDED_AVAILABILITY = YES_AGGRESSIVE;
				CLANG_WARN_UNREACHABLE_CODE = YES;
				CLANG_WARN__DUPLICATE_METHOD_MATCH = YES;
				CODE_SIGN_IDENTITY = "iPhone Developer";
				COPY_PHASE_STRIP = NO;
				DEBUG_INFORMATION_FORMAT = dwarf;
				ENABLE_STRICT_OBJC_MSGSEND = YES;
				ENABLE_TESTABILITY = YES;
				GCC_C_LANGUAGE_STANDARD = gnu11;
				GCC_DYNAMIC_NO_PIC = NO;
				GCC_NO_COMMON_BLOCKS = YES;
				GCC_OPTIMIZATION_LEVEL = 0;
				GCC_PREPROCESSOR_DEFINITIONS = (
					"DEBUG=1",
					"$(inherited)",
				);
				GCC_WARN_64_TO_32_BIT_CONVERSION = YES;
				GCC_WARN_ABOUT_RETURN_TYPE = YES_ERROR;
				GCC_WARN_UNDECLARED_SELECTOR = YES;
				GCC_WARN_UNINITIALIZED_AUTOS = YES_AGGRESSIVE;
				GCC_WARN_UNUSED_FUNCTION = YES;
				GCC_WARN_UNUSED_VARIABLE = YES;
				IPHONEOS_DEPLOYMENT_TARGET = 12.2;
				MTL_ENABLE_DEBUG_INFO = INCLUDE_SOURCE;
				MTL_FAST_MATH = YES;
				ONLY_ACTIVE_ARCH = YES;
				SDKROOT = iphoneos;
			};
			name = Debug;
		};
		04C7E36322DE28A000B98634 /* Release */ = {
			isa = XCBuildConfiguration;
			buildSettings = {
				ALWAYS_SEARCH_USER_PATHS = NO;
				CLANG_ANALYZER_NONNULL = YES;
				CLANG_ANALYZER_NUMBER_OBJECT_CONVERSION = YES_AGGRESSIVE;
				CLANG_CXX_LANGUAGE_STANDARD = "gnu++14";
				CLANG_CXX_LIBRARY = "libc++";
				CLANG_ENABLE_MODULES = YES;
				CLANG_ENABLE_OBJC_ARC = YES;
				CLANG_ENABLE_OBJC_WEAK = YES;
				CLANG_WARN_BLOCK_CAPTURE_AUTORELEASING = YES;
				CLANG_WARN_BOOL_CONVERSION = YES;
				CLANG_WARN_COMMA = YES;
				CLANG_WARN_CONSTANT_CONVERSION = YES;
				CLANG_WARN_DEPRECATED_OBJC_IMPLEMENTATIONS = YES;
				CLANG_WARN_DIRECT_OBJC_ISA_USAGE = YES_ERROR;
				CLANG_WARN_DOCUMENTATION_COMMENTS = YES;
				CLANG_WARN_EMPTY_BODY = YES;
				CLANG_WARN_ENUM_CONVERSION = YES;
				CLANG_WARN_INFINITE_RECURSION = YES;
				CLANG_WARN_INT_CONVERSION = YES;
				CLANG_WARN_NON_LITERAL_NULL_CONVERSION = YES;
				CLANG_WARN_OBJC_IMPLICIT_RETAIN_SELF = YES;
				CLANG_WARN_OBJC_LITERAL_CONVERSION = YES;
				CLANG_WARN_OBJC_ROOT_CLASS = YES_ERROR;
				CLANG_WARN_RANGE_LOOP_ANALYSIS = YES;
				CLANG_WARN_STRICT_PROTOTYPES = YES;
				CLANG_WARN_SUSPICIOUS_MOVE = YES;
				CLANG_WARN_UNGUARDED_AVAILABILITY = YES_AGGRESSIVE;
				CLANG_WARN_UNREACHABLE_CODE = YES;
				CLANG_WARN__DUPLICATE_METHOD_MATCH = YES;
				CODE_SIGN_IDENTITY = "iPhone Developer";
				COPY_PHASE_STRIP = NO;
				DEBUG_INFORMATION_FORMAT = "dwarf-with-dsym";
				ENABLE_NS_ASSERTIONS = NO;
				ENABLE_STRICT_OBJC_MSGSEND = YES;
				GCC_C_LANGUAGE_STANDARD = gnu11;
				GCC_NO_COMMON_BLOCKS = YES;
				GCC_WARN_64_TO_32_BIT_CONVERSION = YES;
				GCC_WARN_ABOUT_RETURN_TYPE = YES_ERROR;
				GCC_WARN_UNDECLARED_SELECTOR = YES;
				GCC_WARN_UNINITIALIZED_AUTOS = YES_AGGRESSIVE;
				GCC_WARN_UNUSED_FUNCTION = YES;
				GCC_WARN_UNUSED_VARIABLE = YES;
				IPHONEOS_DEPLOYMENT_TARGET = 12.2;
				MTL_ENABLE_DEBUG_INFO = NO;
				MTL_FAST_MATH = YES;
				SDKROOT = iphoneos;
				VALIDATE_PRODUCT = YES;
			};
			name = Release;
		};
		04C7E36522DE28A000B98634 /* Debug */ = {
			isa = XCBuildConfiguration;
			baseConfigurationReference = 5E382B44286AD438CD4234D6 /* Pods-ios-demo.debug.xcconfig */;
			buildSettings = {
				ASSETCATALOG_COMPILER_APPICON_NAME = AppIcon;
				ASSETCATALOG_COMPILER_LAUNCHIMAGE_NAME = LaunchImage;
				CODE_SIGN_IDENTITY = "iPhone Developer";
				CODE_SIGN_STYLE = Automatic;
				DEVELOPMENT_TEAM = KBT8Z8RUV2;
				FRAMEWORK_SEARCH_PATHS = (
					"$(inherited)",
					"$(PROJECT_DIR)/ios-demo/Framework",
				);
				INFOPLIST_FILE = "ios-demo/Info.plist";
				LD_RUNPATH_SEARCH_PATHS = (
					"$(inherited)",
					"@executable_path/Frameworks",
				);
				LIBRARY_SEARCH_PATHS = (
					"$(inherited)",
					"$(PROJECT_DIR)/ios-demo/Framework",
				);
				PRODUCT_BUNDLE_IDENTIFIER = "com.Jack.ios-demo";
				PRODUCT_NAME = "ios-demo";
				PROVISIONING_PROFILE_SPECIFIER = "";
				TARGETED_DEVICE_FAMILY = "1,2";
			};
			name = Debug;
		};
		04C7E36622DE28A000B98634 /* Release */ = {
			isa = XCBuildConfiguration;
			baseConfigurationReference = 5401A551B0D97C3854FF2AC8 /* Pods-ios-demo.release.xcconfig */;
			buildSettings = {
				ASSETCATALOG_COMPILER_APPICON_NAME = AppIcon;
				ASSETCATALOG_COMPILER_LAUNCHIMAGE_NAME = LaunchImage;
				CODE_SIGN_IDENTITY = "iPhone Developer";
				CODE_SIGN_STYLE = Automatic;
				DEVELOPMENT_TEAM = KBT8Z8RUV2;
				FRAMEWORK_SEARCH_PATHS = (
					"$(inherited)",
					"$(PROJECT_DIR)/ios-demo/Framework",
				);
				INFOPLIST_FILE = "ios-demo/Info.plist";
				LD_RUNPATH_SEARCH_PATHS = (
					"$(inherited)",
					"@executable_path/Frameworks",
				);
				LIBRARY_SEARCH_PATHS = (
					"$(inherited)",
					"$(PROJECT_DIR)/ios-demo/Framework",
				);
				PRODUCT_BUNDLE_IDENTIFIER = "com.Jack.ios-demo";
				PRODUCT_NAME = "ios-demo";
				PROVISIONING_PROFILE_SPECIFIER = "";
				TARGETED_DEVICE_FAMILY = "1,2";
			};
			name = Release;
		};
/* End XCBuildConfiguration section */

/* Begin XCConfigurationList section */
		04BD680A233B84650077AC18 /* Build configuration list for PBXNativeTarget "TodayExt" */ = {
			isa = XCConfigurationList;
			buildConfigurations = (
				04BD680B233B84650077AC18 /* Debug */,
				04BD680C233B84650077AC18 /* Release */,
			);
			defaultConfigurationIsVisible = 0;
			defaultConfigurationName = Release;
		};
		04C7E34922DE289E00B98634 /* Build configuration list for PBXProject "ios-demo" */ = {
			isa = XCConfigurationList;
			buildConfigurations = (
				04C7E36222DE28A000B98634 /* Debug */,
				04C7E36322DE28A000B98634 /* Release */,
			);
			defaultConfigurationIsVisible = 0;
			defaultConfigurationName = Release;
		};
		04C7E36422DE28A000B98634 /* Build configuration list for PBXNativeTarget "ios-demo" */ = {
			isa = XCConfigurationList;
			buildConfigurations = (
				04C7E36522DE28A000B98634 /* Debug */,
				04C7E36622DE28A000B98634 /* Release */,
			);
			defaultConfigurationIsVisible = 0;
			defaultConfigurationName = Release;
		};
/* End XCConfigurationList section */
	};
	rootObject = 04C7E34622DE289E00B98634 /* Project object */;
}
